{
  "name": "feathers-include-hook",
  "version": "1.0.0",
  "lockfileVersion": 1,
  "requires": true,
  "dependencies": {
    "debug": {
      "version": "3.2.6",
      "resolved": "https://registry.npmjs.org/debug/-/debug-3.2.6.tgz",
      "integrity": "sha512-mel+jf7nrtEl5Pn1Qx46zARXKDpBbvzezse7p7LqINmdoIk8PYP5SySaxEmYv6TZ0JyEKA1hsCId6DIhgITtWQ==",
      "requires": {
        "ms": "2.1.1"
      }
    },
    "feathers-errors": {
      "version": "2.9.2",
      "resolved": "https://registry.npmjs.org/feathers-errors/-/feathers-errors-2.9.2.tgz",
      "integrity": "sha512-qwIX97bNW7+1tWVG073+omUA0rCYKJtTtwuzTrrvfrtdr8J8Dk1Fy4iaV9Fa6/YBD5AZu0lsplPE0iu4u/d4GQ==",
      "requires": {
        "debug": "3.2.6"
      }
    },
    "ms": {
      "version": "2.1.1",
      "resolved": "https://registry.npmjs.org/ms/-/ms-2.1.1.tgz",
      "integrity": "sha512-tgp+dl5cGk28utYktBsrFqA7HKgrhgPsg6Z/EfhWI4gl1Hwq8B/GmY/0oXZ6nF8hDVesS/FpnYaD/kOWhYQvyg=="
    }
  }
}
